
Microsoft Visual Studio Solution File, Format Version 12.00
# Visual Studio Version 16
VisualStudioVersion = 16.0.30011.22
MinimumVisualStudioVersion = 10.0.40219.1
Project("{9A19103F-16F7-4668-BE54-9A1E7A4F7556}") = "Hangman.Server", "Hangman.Server\Hangman.Server.csproj", "{8474A044-7A37-499A-B194-A3A68C8723BD}"
EndProject
Project("{FAE04EC0-301F-11D3-BF4B-00C04F79EFBC}") = "Hangman.Data", "Hangman.Data\Hangman.Data.csproj", "{A90F8FB4-5246-4895-A836-E5218D7A6CC2}"
EndProject
Global
	GlobalSection(SolutionConfigurationPlatforms) = preSolution
		Debug|Any CPU = Debug|Any CPU
		Release|Any CPU = Release|Any CPU
	EndGlobalSection
	GlobalSection(ProjectConfigurationPlatforms) = postSolution
		{8474A044-7A37-499A-B194-A3A68C8723BD}.Debug|Any CPU.ActiveCfg = Debug|Any CPU
		{8474A044-7A37-499A-B194-A3A68C8723BD}.Debug|Any CPU.Build.0 = Debug|Any CPU
		{8474A044-7A37-499A-B194-A3A68C8723BD}.Release|Any CPU.ActiveCfg = Release|Any CPU
		{8474A044-7A37-499A-B194-A3A68C8723BD}.Release|Any CPU.Build.0 = Release|Any CPU
		{A90F8FB4-5246-4895-A836-E5218D7A6CC2}.Debug|Any CPU.ActiveCfg = Debug|Any CPU
		{A90F8FB4-5246-4895-A836-E5218D7A6CC2}.Debug|Any CPU.Build.0 = Debug|Any CPU
		{A90F8FB4-5246-4895-A836-E5218D7A6CC2}.Release|Any CPU.ActiveCfg = Release|Any CPU
		{A90F8FB4-5246-4895-A836-E5218D7A6CC2}.Release|Any CPU.Build.0 = Release|Any CPU
	EndGlobalSection
	GlobalSection(SolutionProperties) = preSolution
		HideSolutionNode = FALSE
	EndGlobalSection
	GlobalSection(ExtensibilityGlobals) = postSolution
		SolutionGuid = {E1EC8DE4-F275-4C3A-BF9E-FE4AF2D498A2}
	EndGlobalSection
EndGlobal
